// !$*UTF8*$!
{
	archiveVersion = 1;
	classes = {
	};
	objectVersion = 50;
	objects = {

/* Begin PBXBuildFile section */
		3AAF768E22929B1000F0487B /* RememberingTabBarController.swift in Sources */ = {isa = PBXBuildFile; fileRef = 3AAF768D22929B1000F0487B /* RememberingTabBarController.swift */; };
		3AFF929C228BE04700EE0110 /* AppDelegate.swift in Sources */ = {isa = PBXBuildFile; fileRef = 3AFF929B228BE04700EE0110 /* AppDelegate.swift */; };
		3AFF929E228BE04700EE0110 /* MonthlyVC.swift in Sources */ = {isa = PBXBuildFile; fileRef = 3AFF929D228BE04700EE0110 /* MonthlyVC.swift */; };
		3AFF92A1228BE04700EE0110 /* Main.storyboard in Resources */ = {isa = PBXBuildFile; fileRef = 3AFF929F228BE04700EE0110 /* Main.storyboard */; };
		3AFF92A6228BE04700EE0110 /* LaunchScreen.storyboard in Resources */ = {isa = PBXBuildFile; fileRef = 3AFF92A4228BE04700EE0110 /* LaunchScreen.storyboard */; };
		3AFF933C229057B000EE0110 /* DateStructure.swift in Sources */ = {isa = PBXBuildFile; fileRef = 3AFF933B229057B000EE0110 /* DateStructure.swift */; };
		3AFF933E22905AEF00EE0110 /* MonthlyCollectionViewCell.swift in Sources */ = {isa = PBXBuildFile; fileRef = 3AFF933D22905AEF00EE0110 /* MonthlyCollectionViewCell.swift */; };
		3AFF934522914A5300EE0110 /* WeeklyTableViewCell.swift in Sources */ = {isa = PBXBuildFile; fileRef = 3AFF934322914A5300EE0110 /* WeeklyTableViewCell.swift */; };
		3AFF934622914A5300EE0110 /* WeeklyTableViewCell.xib in Resources */ = {isa = PBXBuildFile; fileRef = 3AFF934422914A5300EE0110 /* WeeklyTableViewCell.xib */; };
		3AFF934822914BF900EE0110 /* WeeklyVC.swift in Sources */ = {isa = PBXBuildFile; fileRef = 3AFF934722914BF900EE0110 /* WeeklyVC.swift */; };
		3AFF934A22917E1300EE0110 /* DailyVC.swift in Sources */ = {isa = PBXBuildFile; fileRef = 3AFF934922917E1300EE0110 /* DailyVC.swift */; };
		3AFF935122918B7800EE0110 /* AddSchedulVC.swift in Sources */ = {isa = PBXBuildFile; fileRef = 3AFF935022918B7800EE0110 /* AddSchedulVC.swift */; };
		3AFF93532292312300EE0110 /* ScheduleTaskCreator.swift in Sources */ = {isa = PBXBuildFile; fileRef = 3AFF93522292312300EE0110 /* ScheduleTaskCreator.swift */; };
		3AFF935522923AD000EE0110 /* ScheduleStructure.swift in Sources */ = {isa = PBXBuildFile; fileRef = 3AFF935422923AD000EE0110 /* ScheduleStructure.swift */; };
		3AFF935A22926C2900EE0110 /* DailyTableViewCell.swift in Sources */ = {isa = PBXBuildFile; fileRef = 3AFF935822926C2900EE0110 /* DailyTableViewCell.swift */; };
		3AFF935B22926C2900EE0110 /* DailyTableViewCell.xib in Resources */ = {isa = PBXBuildFile; fileRef = 3AFF935922926C2900EE0110 /* DailyTableViewCell.xib */; };
		3AFF935D229286A600EE0110 /* Assets 15-54-13-988.xcassets in Resources */ = {isa = PBXBuildFile; fileRef = 3AFF935C229286A600EE0110 /* Assets 15-54-13-988.xcassets */; };
		A7D8639742A65D75803F4B82 /* Pods_SHCalendar.framework in Frameworks */ = {isa = PBXBuildFile; fileRef = C922C7175DE754EE3D85C523 /* Pods_SHCalendar.framework */; };
/* End PBXBuildFile section */

/* Begin PBXFileReference section */
		3AAF768D22929B1000F0487B /* RememberingTabBarController.swift */ = {isa = PBXFileReference; lastKnownFileType = sourcecode.swift; path = RememberingTabBarController.swift; sourceTree = "<group>"; };
		3AFF9298228BE04700EE0110 /* SHCalendar.app */ = {isa = PBXFileReference; explicitFileType = wrapper.application; includeInIndex = 0; path = SHCalendar.app; sourceTree = BUILT_PRODUCTS_DIR; };
		3AFF929B228BE04700EE0110 /* AppDelegate.swift */ = {isa = PBXFileReference; lastKnownFileType = sourcecode.swift; path = AppDelegate.swift; sourceTree = "<group>"; };
		3AFF929D228BE04700EE0110 /* MonthlyVC.swift */ = {isa = PBXFileReference; lastKnownFileType = sourcecode.swift; path = MonthlyVC.swift; sourceTree = "<group>"; };
		3AFF92A0228BE04700EE0110 /* Base */ = {isa = PBXFileReference; lastKnownFileType = file.storyboard; name = Base; path = Base.lproj/Main.storyboard; sourceTree = "<group>"; };
		3AFF92A5228BE04700EE0110 /* Base */ = {isa = PBXFileReference; lastKnownFileType = file.storyboard; name = Base; path = Base.lproj/LaunchScreen.storyboard; sourceTree = "<group>"; };
		3AFF92A7228BE04700EE0110 /* Info.plist */ = {isa = PBXFileReference; lastKnownFileType = text.plist.xml; path = Info.plist; sourceTree = "<group>"; };
		3AFF933B229057B000EE0110 /* DateStructure.swift */ = {isa = PBXFileReference; lastKnownFileType = sourcecode.swift; path = DateStructure.swift; sourceTree = "<group>"; };
		3AFF933D22905AEF00EE0110 /* MonthlyCollectionViewCell.swift */ = {isa = PBXFileReference; lastKnownFileType = sourcecode.swift; path = MonthlyCollectionViewCell.swift; sourceTree = "<group>"; };
		3AFF934322914A5300EE0110 /* WeeklyTableViewCell.swift */ = {isa = PBXFileReference; lastKnownFileType = sourcecode.swift; path = WeeklyTableViewCell.swift; sourceTree = "<group>"; };
		3AFF934422914A5300EE0110 /* WeeklyTableViewCell.xib */ = {isa = PBXFileReference; lastKnownFileType = file.xib; path = WeeklyTableViewCell.xib; sourceTree = "<group>"; };
		3AFF934722914BF900EE0110 /* WeeklyVC.swift */ = {isa = PBXFileReference; lastKnownFileType = sourcecode.swift; path = WeeklyVC.swift; sourceTree = "<group>"; };
		3AFF934922917E1300EE0110 /* DailyVC.swift */ = {isa = PBXFileReference; lastKnownFileType = sourcecode.swift; path = DailyVC.swift; sourceTree = "<group>"; };
		3AFF935022918B7800EE0110 /* AddSchedulVC.swift */ = {isa = PBXFileReference; lastKnownFileType = sourcecode.swift; path = AddSchedulVC.swift; sourceTree = "<group>"; };
		3AFF93522292312300EE0110 /* ScheduleTaskCreator.swift */ = {isa = PBXFileReference; lastKnownFileType = sourcecode.swift; path = ScheduleTaskCreator.swift; sourceTree = "<group>"; };
		3AFF935422923AD000EE0110 /* ScheduleStructure.swift */ = {isa = PBXFileReference; lastKnownFileType = sourcecode.swift; path = ScheduleStructure.swift; sourceTree = "<group>"; };
		3AFF935822926C2900EE0110 /* DailyTableViewCell.swift */ = {isa = PBXFileReference; lastKnownFileType = sourcecode.swift; path = DailyTableViewCell.swift; sourceTree = "<group>"; };
		3AFF935922926C2900EE0110 /* DailyTableViewCell.xib */ = {isa = PBXFileReference; lastKnownFileType = file.xib; path = DailyTableViewCell.xib; sourceTree = "<group>"; };
		3AFF935C229286A600EE0110 /* Assets 15-54-13-988.xcassets */ = {isa = PBXFileReference; lastKnownFileType = folder.assetcatalog; path = "Assets 15-54-13-988.xcassets"; sourceTree = "<group>"; };
		C922C7175DE754EE3D85C523 /* Pods_SHCalendar.framework */ = {isa = PBXFileReference; explicitFileType = wrapper.framework; includeInIndex = 0; path = Pods_SHCalendar.framework; sourceTree = BUILT_PRODUCTS_DIR; };
		DF8302DC85CD91206E669FF2 /* Pods-SHCalendar.release.xcconfig */ = {isa = PBXFileReference; includeInIndex = 1; lastKnownFileType = text.xcconfig; name = "Pods-SHCalendar.release.xcconfig"; path = "Target Support Files/Pods-SHCalendar/Pods-SHCalendar.release.xcconfig"; sourceTree = "<group>"; };
		FEE2B49AB81221C06EB45616 /* Pods-SHCalendar.debug.xcconfig */ = {isa = PBXFileReference; includeInIndex = 1; lastKnownFileType = text.xcconfig; name = "Pods-SHCalendar.debug.xcconfig"; path = "Target Support Files/Pods-SHCalendar/Pods-SHCalendar.debug.xcconfig"; sourceTree = "<group>"; };
/* End PBXFileReference section */

/* Begin PBXFrameworksBuildPhase section */
		3AFF9295228BE04700EE0110 /* Frameworks */ = {
			isa = PBXFrameworksBuildPhase;
			buildActionMask = 2147483647;
			files = (
				A7D8639742A65D75803F4B82 /* Pods_SHCalendar.framework in Frameworks */,
			);
			runOnlyForDeploymentPostprocessing = 0;
		};
/* End PBXFrameworksBuildPhase section */

/* Begin PBXGroup section */
		3AFF928F228BE04700EE0110 = {
			isa = PBXGroup;
			children = (
				3AFF929A228BE04700EE0110 /* SHCalendar */,
				3AFF9299228BE04700EE0110 /* Products */,
				744219586BD339292FB548D4 /* Pods */,
				7D0B941DF3B40ECF21D68AB5 /* Frameworks */,
			);
			sourceTree = "<group>";
		};
		3AFF9299228BE04700EE0110 /* Products */ = {
			isa = PBXGroup;
			children = (
				3AFF9298228BE04700EE0110 /* SHCalendar.app */,
			);
			name = Products;
			sourceTree = "<group>";
		};
		3AFF929A228BE04700EE0110 /* SHCalendar */ = {
			isa = PBXGroup;
			children = (
				3AFF929B228BE04700EE0110 /* AppDelegate.swift */,
				3AFF929F228BE04700EE0110 /* Main.storyboard */,
				3AAF768D22929B1000F0487B /* RememberingTabBarController.swift */,
				3AFF935C229286A600EE0110 /* Assets 15-54-13-988.xcassets */,
				3AFF92A4228BE04700EE0110 /* LaunchScreen.storyboard */,
				3AFF92A7228BE04700EE0110 /* Info.plist */,
				3AFF934E22917EEE00EE0110 /* Model */,
				3AFF934C22917E6B00EE0110 /* ViewController */,
				3AFF934D22917E8B00EE0110 /* Cells */,
				3AFF934F2291869100EE0110 /* Database */,
			);
			path = SHCalendar;
			sourceTree = "<group>";
		};
		3AFF934C22917E6B00EE0110 /* ViewController */ = {
			isa = PBXGroup;
			children = (
				3AFF929D228BE04700EE0110 /* MonthlyVC.swift */,
				3AFF934722914BF900EE0110 /* WeeklyVC.swift */,
				3AFF934922917E1300EE0110 /* DailyVC.swift */,
				3AFF935022918B7800EE0110 /* AddSchedulVC.swift */,
			);
			name = ViewController;
			sourceTree = "<group>";
		};
		3AFF934D22917E8B00EE0110 /* Cells */ = {
			isa = PBXGroup;
			children = (
				3AFF933D22905AEF00EE0110 /* MonthlyCollectionViewCell.swift */,
				3AFF934322914A5300EE0110 /* WeeklyTableViewCell.swift */,
				3AFF934422914A5300EE0110 /* WeeklyTableViewCell.xib */,
				3AFF935822926C2900EE0110 /* DailyTableViewCell.swift */,
				3AFF935922926C2900EE0110 /* DailyTableViewCell.xib */,
			);
			path = Cells;
			sourceTree = "<group>";
		};
		3AFF934E22917EEE00EE0110 /* Model */ = {
			isa = PBXGroup;
			children = (
				3AFF933B229057B000EE0110 /* DateStructure.swift */,
				3AFF935422923AD000EE0110 /* ScheduleStructure.swift */,
			);
			name = Model;
			sourceTree = "<group>";
		};
		3AFF934F2291869100EE0110 /* Database */ = {
			isa = PBXGroup;
			children = (
				3AFF93522292312300EE0110 /* ScheduleTaskCreator.swift */,
			);
			path = Database;
			sourceTree = "<group>";
		};
		744219586BD339292FB548D4 /* Pods */ = {
			isa = PBXGroup;
			children = (
				FEE2B49AB81221C06EB45616 /* Pods-SHCalendar.debug.xcconfig */,
				DF8302DC85CD91206E669FF2 /* Pods-SHCalendar.release.xcconfig */,
			);
			path = Pods;
			sourceTree = "<group>";
		};
		7D0B941DF3B40ECF21D68AB5 /* Frameworks */ = {
			isa = PBXGroup;
			children = (
				C922C7175DE754EE3D85C523 /* Pods_SHCalendar.framework */,
			);
			name = Frameworks;
			sourceTree = "<group>";
		};
/* End PBXGroup section */

/* Begin PBXNativeTarget section */
		3AFF9297228BE04700EE0110 /* SHCalendar */ = {
			isa = PBXNativeTarget;
			buildConfigurationList = 3AFF92AA228BE04700EE0110 /* Build configuration list for PBXNativeTarget "SHCalendar" */;
			buildPhases = (
				D8020C48A07230B2E0F6E4FE /* [CP] Check Pods Manifest.lock */,
				3AFF9294228BE04700EE0110 /* Sources */,
				3AFF9295228BE04700EE0110 /* Frameworks */,
				3AFF9296228BE04700EE0110 /* Resources */,
				35C0EE2F36147A3745A93FC6 /* [CP] Embed Pods Frameworks */,
			);
			buildRules = (
			);
			dependencies = (
			);
			name = SHCalendar;
			productName = SHCalendar;
			productReference = 3AFF9298228BE04700EE0110 /* SHCalendar.app */;
			productType = "com.apple.product-type.application";
		};
/* End PBXNativeTarget section */

/* Begin PBXProject section */
		3AFF9290228BE04700EE0110 /* Project object */ = {
			isa = PBXProject;
			attributes = {
				LastSwiftUpdateCheck = 1020;
				LastUpgradeCheck = 1020;
				ORGANIZATIONNAME = limsuhyun;
				TargetAttributes = {
					3AFF9297228BE04700EE0110 = {
						CreatedOnToolsVersion = 10.2.1;
					};
				};
			};
			buildConfigurationList = 3AFF9293228BE04700EE0110 /* Build configuration list for PBXProject "SHCalendar" */;
			compatibilityVersion = "Xcode 9.3";
			developmentRegion = en;
			hasScannedForEncodings = 0;
			knownRegions = (
				en,
				Base,
			);
			mainGroup = 3AFF928F228BE04700EE0110;
			productRefGroup = 3AFF9299228BE04700EE0110 /* Products */;
			projectDirPath = "";
			projectRoot = "";
			targets = (
				3AFF9297228BE04700EE0110 /* SHCalendar */,
			);
		};
/* End PBXProject section */

/* Begin PBXResourcesBuildPhase section */
		3AFF9296228BE04700EE0110 /* Resources */ = {
			isa = PBXResourcesBuildPhase;
			buildActionMask = 2147483647;
			files = (
				3AFF934622914A5300EE0110 /* WeeklyTableViewCell.xib in Resources */,
				3AFF935D229286A600EE0110 /* Assets 15-54-13-988.xcassets in Resources */,
				3AFF935B22926C2900EE0110 /* DailyTableViewCell.xib in Resources */,
				3AFF92A6228BE04700EE0110 /* LaunchScreen.storyboard in Resources */,
				3AFF92A1228BE04700EE0110 /* Main.storyboard in Resources */,
			);
			runOnlyForDeploymentPostprocessing = 0;
		};
/* End PBXResourcesBuildPhase section */

/* Begin PBXShellScriptBuildPhase section */
		35C0EE2F36147A3745A93FC6 /* [CP] Embed Pods Frameworks */ = {
			isa = PBXShellScriptBuildPhase;
			buildActionMask = 2147483647;
			files = (
			);
			inputFileListPaths = (
			);
			inputPaths = (
				"${PODS_ROOT}/Target Support Files/Pods-SHCalendar/Pods-SHCalendar-frameworks.sh",
				"${BUILT_PRODUCTS_DIR}/FMDB/FMDB.framework",
			);
			name = "[CP] Embed Pods Frameworks";
			outputFileListPaths = (
			);
			outputPaths = (
				"${TARGET_BUILD_DIR}/${FRAMEWORKS_FOLDER_PATH}/FMDB.framework",
			);
			runOnlyForDeploymentPostprocessing = 0;
			shellPath = /bin/sh;
			shellScript = "\"${PODS_ROOT}/Target Support Files/Pods-SHCalendar/Pods-SHCalendar-frameworks.sh\"\n";
			showEnvVarsInLog = 0;
		};
		D8020C48A07230B2E0F6E4FE /* [CP] Check Pods Manifest.lock */ = {
			isa = PBXShellScriptBuildPhase;
			buildActionMask = 2147483647;
			files = (
			);
			inputFileListPaths = (
			);
			inputPaths = (
				"${PODS_PODFILE_DIR_PATH}/Podfile.lock",
				"${PODS_ROOT}/Manifest.lock",
			);
			name = "[CP] Check Pods Manifest.lock";
			outputFileListPaths = (
			);
			outputPaths = (
				"$(DERIVED_FILE_DIR)/Pods-SHCalendar-checkManifestLockResult.txt",
			);
			runOnlyForDeploymentPostprocessing = 0;
			shellPath = /bin/sh;
			shellScript = "diff \"${PODS_PODFILE_DIR_PATH}/Podfile.lock\" \"${PODS_ROOT}/Manifest.lock\" > /dev/null\nif [ $? != 0 ] ; then\n    # print error to STDERR\n    echo \"error: The sandbox is not in sync with the Podfile.lock. Run 'pod install' or update your CocoaPods installation.\" >&2\n    exit 1\nfi\n# This output is used by Xcode 'outputs' to avoid re-running this script phase.\necho \"SUCCESS\" > \"${SCRIPT_OUTPUT_FILE_0}\"\n";
			showEnvVarsInLog = 0;
		};
/* End PBXShellScriptBuildPhase section */

/* Begin PBXSourcesBuildPhase section */
		3AFF9294228BE04700EE0110 /* Sources */ = {
			isa = PBXSourcesBuildPhase;
			buildActionMask = 2147483647;
			files = (
				3AFF935522923AD000EE0110 /* ScheduleStructure.swift in Sources */,
				3AFF934522914A5300EE0110 /* WeeklyTableViewCell.swift in Sources */,
				3AFF929E228BE04700EE0110 /* MonthlyVC.swift in Sources */,
				3AAF768E22929B1000F0487B /* RememberingTabBarController.swift in Sources */,
				3AFF93532292312300EE0110 /* ScheduleTaskCreator.swift in Sources */,
				3AFF933C229057B000EE0110 /* DateStructure.swift in Sources */,
				3AFF929C228BE04700EE0110 /* AppDelegate.swift in Sources */,
				3AFF935122918B7800EE0110 /* AddSchedulVC.swift in Sources */,
				3AFF935A22926C2900EE0110 /* DailyTableViewCell.swift in Sources */,
				3AFF933E22905AEF00EE0110 /* MonthlyCollectionViewCell.swift in Sources */,
				3AFF934822914BF900EE0110 /* WeeklyVC.swift in Sources */,
				3AFF934A22917E1300EE0110 /* DailyVC.swift in Sources */,
			);
			runOnlyForDeploymentPostprocessing = 0;
		};
/* End PBXSourcesBuildPhase section */

/* Begin PBXVariantGroup section */
		3AFF929F228BE04700EE0110 /* Main.storyboard */ = {
			isa = PBXVariantGroup;
			children = (
				3AFF92A0228BE04700EE0110 /* Base */,
			);
			name = Main.storyboard;
			sourceTree = "<group>";
		};
		3AFF92A4228BE04700EE0110 /* LaunchScreen.storyboard */ = {
			isa = PBXVariantGroup;
			children = (
				3AFF92A5228BE04700EE0110 /* Base */,
			);
			name = LaunchScreen.storyboard;
			sourceTree = "<group>";
		};
/* End PBXVariantGroup section */

/* Begin XCBuildConfiguration section */
		3AFF92A8228BE04700EE0110 /* Debug */ = {
			isa = XCBuildConfiguration;
			buildSettings = {
				ALWAYS_SEARCH_USER_PATHS = NO;
				CLANG_ANALYZER_NONNULL = YES;
				CLANG_ANALYZER_NUMBER_OBJECT_CONVERSION = YES_AGGRESSIVE;
				CLANG_CXX_LANGUAGE_STANDARD = "gnu++14";
				CLANG_CXX_LIBRARY = "libc++";
				CLANG_ENABLE_MODULES = YES;
				CLANG_ENABLE_OBJC_ARC = YES;
				CLANG_ENABLE_OBJC_WEAK = YES;
				CLANG_WARN_BLOCK_CAPTURE_AUTORELEASING = YES;
				CLANG_WARN_BOOL_CONVERSION = YES;
				CLANG_WARN_COMMA = YES;
				CLANG_WARN_CONSTANT_CONVERSION = YES;
				CLANG_WARN_DEPRECATED_OBJC_IMPLEMENTATIONS = YES;
				CLANG_WARN_DIRECT_OBJC_ISA_USAGE = YES_ERROR;
				CLANG_WARN_DOCUMENTATION_COMMENTS = YES;
				CLANG_WARN_EMPTY_BODY = YES;
				CLANG_WARN_ENUM_CONVERSION = YES;
				CLANG_WARN_INFINITE_RECURSION = YES;
				CLANG_WARN_INT_CONVERSION = YES;
				CLANG_WARN_NON_LITERAL_NULL_CONVERSION = YES;
				CLANG_WARN_OBJC_IMPLICIT_RETAIN_SELF = YES;
				CLANG_WARN_OBJC_LITERAL_CONVERSION = YES;
				CLANG_WARN_OBJC_ROOT_CLASS = YES_ERROR;
				CLANG_WARN_RANGE_LOOP_ANALYSIS = YES;
				CLANG_WARN_STRICT_PROTOTYPES = YES;
				CLANG_WARN_SUSPICIOUS_MOVE = YES;
				CLANG_WARN_UNGUARDED_AVAILABILITY = YES_AGGRESSIVE;
				CLANG_WARN_UNREACHABLE_CODE = YES;
				CLANG_WARN__DUPLICATE_METHOD_MATCH = YES;
				CODE_SIGN_IDENTITY = "iPhone Developer";
				COPY_PHASE_STRIP = NO;
				DEBUG_INFORMATION_FORMAT = dwarf;
				ENABLE_STRICT_OBJC_MSGSEND = YES;
				ENABLE_TESTABILITY = YES;
				GCC_C_LANGUAGE_STANDARD = gnu11;
				GCC_DYNAMIC_NO_PIC = NO;
				GCC_NO_COMMON_BLOCKS = YES;
				GCC_OPTIMIZATION_LEVEL = 0;
				GCC_PREPROCESSOR_DEFINITIONS = (
					"DEBUG=1",
					"$(inherited)",
				);
				GCC_WARN_64_TO_32_BIT_CONVERSION = YES;
				GCC_WARN_ABOUT_RETURN_TYPE = YES_ERROR;
				GCC_WARN_UNDECLARED_SELECTOR = YES;
				GCC_WARN_UNINITIALIZED_AUTOS = YES_AGGRESSIVE;
				GCC_WARN_UNUSED_FUNCTION = YES;
				GCC_WARN_UNUSED_VARIABLE = YES;
				IPHONEOS_DEPLOYMENT_TARGET = 12.2;
				MTL_ENABLE_DEBUG_INFO = INCLUDE_SOURCE;
				MTL_FAST_MATH = YES;
				ONLY_ACTIVE_ARCH = YES;
				SDKROOT = iphoneos;
				SWIFT_ACTIVE_COMPILATION_CONDITIONS = DEBUG;
				SWIFT_OPTIMIZATION_LEVEL = "-Onone";
			};
			name = Debug;
		};
		3AFF92A9228BE04700EE0110 /* Release */ = {
			isa = XCBuildConfiguration;
			buildSettings = {
				ALWAYS_SEARCH_USER_PATHS = NO;
				CLANG_ANALYZER_NONNULL = YES;
				CLANG_ANALYZER_NUMBER_OBJECT_CONVERSION = YES_AGGRESSIVE;
				CLANG_CXX_LANGUAGE_STANDARD = "gnu++14";
				CLANG_CXX_LIBRARY = "libc++";
				CLANG_ENABLE_MODULES = YES;
				CLANG_ENABLE_OBJC_ARC = YES;
				CLANG_ENABLE_OBJC_WEAK = YES;
				CLANG_WARN_BLOCK_CAPTURE_AUTORELEASING = YES;
				CLANG_WARN_BOOL_CONVERSION = YES;
				CLANG_WARN_COMMA = YES;
				CLANG_WARN_CONSTANT_CONVERSION = YES;
				CLANG_WARN_DEPRECATED_OBJC_IMPLEMENTATIONS = YES;
				CLANG_WARN_DIRECT_OBJC_ISA_USAGE = YES_ERROR;
				CLANG_WARN_DOCUMENTATION_COMMENTS = YES;
				CLANG_WARN_EMPTY_BODY = YES;
				CLANG_WARN_ENUM_CONVERSION = YES;
				CLANG_WARN_INFINITE_RECURSION = YES;
				CLANG_WARN_INT_CONVERSION = YES;
				CLANG_WARN_NON_LITERAL_NULL_CONVERSION = YES;
				CLANG_WARN_OBJC_IMPLICIT_RETAIN_SELF = YES;
				CLANG_WARN_OBJC_LITERAL_CONVERSION = YES;
				CLANG_WARN_OBJC_ROOT_CLASS = YES_ERROR;
				CLANG_WARN_RANGE_LOOP_ANALYSIS = YES;
				CLANG_WARN_STRICT_PROTOTYPES = YES;
				CLANG_WARN_SUSPICIOUS_MOVE = YES;
				CLANG_WARN_UNGUARDED_AVAILABILITY = YES_AGGRESSIVE;
				CLANG_WARN_UNREACHABLE_CODE = YES;
				CLANG_WARN__DUPLICATE_METHOD_MATCH = YES;
				CODE_SIGN_IDENTITY = "iPhone Developer";
				COPY_PHASE_STRIP = NO;
				DEBUG_INFORMATION_FORMAT = "dwarf-with-dsym";
				ENABLE_NS_ASSERTIONS = NO;
				ENABLE_STRICT_OBJC_MSGSEND = YES;
				GCC_C_LANGUAGE_STANDARD = gnu11;
				GCC_NO_COMMON_BLOCKS = YES;
				GCC_WARN_64_TO_32_BIT_CONVERSION = YES;
				GCC_WARN_ABOUT_RETURN_TYPE = YES_ERROR;
				GCC_WARN_UNDECLARED_SELECTOR = YES;
				GCC_WARN_UNINITIALIZED_AUTOS = YES_AGGRESSIVE;
				GCC_WARN_UNUSED_FUNCTION = YES;
				GCC_WARN_UNUSED_VARIABLE = YES;
				IPHONEOS_DEPLOYMENT_TARGET = 12.2;
				MTL_ENABLE_DEBUG_INFO = NO;
				MTL_FAST_MATH = YES;
				SDKROOT = iphoneos;
				SWIFT_COMPILATION_MODE = wholemodule;
				SWIFT_OPTIMIZATION_LEVEL = "-O";
				VALIDATE_PRODUCT = YES;
			};
			name = Release;
		};
		3AFF92AB228BE04700EE0110 /* Debug */ = {
			isa = XCBuildConfiguration;
			baseConfigurationReference = FEE2B49AB81221C06EB45616 /* Pods-SHCalendar.debug.xcconfig */;
			buildSettings = {
				ASSETCATALOG_COMPILER_APPICON_NAME = AppIcon;
				CODE_SIGN_STYLE = Automatic;
				INFOPLIST_FILE = SHCalendar/Info.plist;
				LD_RUNPATH_SEARCH_PATHS = (
					"$(inherited)",
					"@executable_path/Frameworks",
				);
				PRODUCT_BUNDLE_IDENTIFIER = com.tngumiso.SHCalendar;
				PRODUCT_NAME = "$(TARGET_NAME)";
				SWIFT_VERSION = 5.0;
				TARGETED_DEVICE_FAMILY = "1,2";
			};
			name = Debug;
		};
		3AFF92AC228BE04700EE0110 /* Release */ = {
			isa = XCBuildConfiguration;
			baseConfigurationReference = DF8302DC85CD91206E669FF2 /* Pods-SHCalendar.release.xcconfig */;
			buildSettings = {
				ASSETCATALOG_COMPILER_APPICON_NAME = AppIcon;
				CODE_SIGN_STYLE = Automatic;
				INFOPLIST_FILE = SHCalendar/Info.plist;
				LD_RUNPATH_SEARCH_PATHS = (
					"$(inherited)",
					"@executable_path/Frameworks",
				);
				PRODUCT_BUNDLE_IDENTIFIER = com.tngumiso.SHCalendar;
				PRODUCT_NAME = "$(TARGET_NAME)";
				SWIFT_VERSION = 5.0;
				TARGETED_DEVICE_FAMILY = "1,2";
			};
			name = Release;
		};
/* End XCBuildConfiguration section */

/* Begin XCConfigurationList section */
		3AFF9293228BE04700EE0110 /* Build configuration list for PBXProject "SHCalendar" */ = {
			isa = XCConfigurationList;
			buildConfigurations = (
				3AFF92A8228BE04700EE0110 /* Debug */,
				3AFF92A9228BE04700EE0110 /* Release */,
			);
			defaultConfigurationIsVisible = 0;
			defaultConfigurationName = Release;
		};
		3AFF92AA228BE04700EE0110 /* Build configuration list for PBXNativeTarget "SHCalendar" */ = {
			isa = XCConfigurationList;
			buildConfigurations = (
				3AFF92AB228BE04700EE0110 /* Debug */,
				3AFF92AC228BE04700EE0110 /* Release */,
			);
			defaultConfigurationIsVisible = 0;
			defaultConfigurationName = Release;
		};
/* End XCConfigurationList section */
	};
	rootObject = 3AFF9290228BE04700EE0110 /* Project object */;
}
